
Microsoft Visual Studio Solution File, Format Version 12.00
# Visual Studio Version 17
VisualStudioVersion = 17.3.32804.467
MinimumVisualStudioVersion = 10.0.40219.1
Project("{FAE04EC0-301F-11D3-BF4B-00C04F79EFBC}") = "Desafío1", "Desafío1\Desafío1.csproj", "{878486D9-173B-4D8B-A74F-2CEC06419305}"
EndProject
Project("{FAE04EC0-301F-11D3-BF4B-00C04F79EFBC}") = "Desafío2(AplicacionWIndows2U4)", "Desafío2(AplicacionWIndows2)\Desafío2(AplicacionWIndows2U4).csproj", "{1F96A65D-60F5-4F8F-B7D8-65FB5F8BE179}"
EndProject
Project("{FAE04EC0-301F-11D3-BF4B-00C04F79EFBC}") = "Desafio2(AppWfPropsyeventsU4)", "MiPrimerAplicacion\Desafio2(AppWfPropsyeventsU4).csproj", "{FD07C20E-2DA7-405C-AFA4-2AE91F440614}"
EndProject
Global
	GlobalSection(SolutionConfigurationPlatforms) = preSolution
		Debug|Any CPU = Debug|Any CPU
		Release|Any CPU = Release|Any CPU
	EndGlobalSection
	GlobalSection(ProjectConfigurationPlatforms) = postSolution
		{878486D9-173B-4D8B-A74F-2CEC06419305}.Debug|Any CPU.ActiveCfg = Debug|Any CPU
		{878486D9-173B-4D8B-A74F-2CEC06419305}.Debug|Any CPU.Build.0 = Debug|Any CPU
		{878486D9-173B-4D8B-A74F-2CEC06419305}.Release|Any CPU.ActiveCfg = Release|Any CPU
		{878486D9-173B-4D8B-A74F-2CEC06419305}.Release|Any CPU.Build.0 = Release|Any CPU
		{1F96A65D-60F5-4F8F-B7D8-65FB5F8BE179}.Debug|Any CPU.ActiveCfg = Debug|Any CPU
		{1F96A65D-60F5-4F8F-B7D8-65FB5F8BE179}.Debug|Any CPU.Build.0 = Debug|Any CPU
		{1F96A65D-60F5-4F8F-B7D8-65FB5F8BE179}.Release|Any CPU.ActiveCfg = Release|Any CPU
		{1F96A65D-60F5-4F8F-B7D8-65FB5F8BE179}.Release|Any CPU.Build.0 = Release|Any CPU
		{FD07C20E-2DA7-405C-AFA4-2AE91F440614}.Debug|Any CPU.ActiveCfg = Debug|Any CPU
		{FD07C20E-2DA7-405C-AFA4-2AE91F440614}.Debug|Any CPU.Build.0 = Debug|Any CPU
		{FD07C20E-2DA7-405C-AFA4-2AE91F440614}.Release|Any CPU.ActiveCfg = Release|Any CPU
		{FD07C20E-2DA7-405C-AFA4-2AE91F440614}.Release|Any CPU.Build.0 = Release|Any CPU
	EndGlobalSection
	GlobalSection(SolutionProperties) = preSolution
		HideSolutionNode = FALSE
	EndGlobalSection
	GlobalSection(ExtensibilityGlobals) = postSolution
		SolutionGuid = {C10023B5-BE2A-41E0-85FC-BCF55604D302}
	EndGlobalSection
EndGlobal
